lockfileVersion: '9.0'

settings:
  autoInstallPeers: true
  excludeLinksFromLockfile: false

importers:

  .:
    dependencies:
      pocketbase:
        specifier: ^0.25.1
        version: 0.25.1

packages:

  pocketbase@0.25.1:
    resolution: {integrity: sha512-2IH0KLI/qMNR/E17C7BGWX2FxW7Tead+igLHOWZ45P56v/NyVT18Jnmddeft+3qWWGL1Hog2F8bc4orWV/+Fcg==}

snapshots:

  pocketbase@0.25.1: {}
